// !$*UTF8*$!
{
	archiveVersion = 1;
	classes = {
	};
	objectVersion = 50;
	objects = {

/* Begin PBXBuildFile section */
		CBF5E7A02477D1960088D56C /* AppDelegate.swift in Sources */ = {isa = PBXBuildFile; fileRef = CBF5E79F2477D1960088D56C /* AppDelegate.swift */; };
		CBF5E7A72477D1960088D56C /* Main.storyboard in Resources */ = {isa = PBXBuildFile; fileRef = CBF5E7A52477D1960088D56C /* Main.storyboard */; };
		CBF5E7AA2477D1960088D56C /* Weather.xcdatamodeld in Sources */ = {isa = PBXBuildFile; fileRef = CBF5E7A82477D1960088D56C /* Weather.xcdatamodeld */; };
		CBF5E7AC2477D1970088D56C /* Assets.xcassets in Resources */ = {isa = PBXBuildFile; fileRef = CBF5E7AB2477D1970088D56C /* Assets.xcassets */; };
		CBF5E7AF2477D1970088D56C /* LaunchScreen.storyboard in Resources */ = {isa = PBXBuildFile; fileRef = CBF5E7AD2477D1970088D56C /* LaunchScreen.storyboard */; };
		CBF5E7B72477DE7B0088D56C /* WeatherVC.swift in Sources */ = {isa = PBXBuildFile; fileRef = CBF5E7B62477DE7B0088D56C /* WeatherVC.swift */; };
		CBF5E7B92477DED40088D56C /* WeatherCell.swift in Sources */ = {isa = PBXBuildFile; fileRef = CBF5E7B82477DED40088D56C /* WeatherCell.swift */; };
/* End PBXBuildFile section */

/* Begin PBXFileReference section */
		CBF5E79C2477D1960088D56C /* ConvoAssignWeatherApp.app */ = {isa = PBXFileReference; explicitFileType = wrapper.application; includeInIndex = 0; path = ConvoAssignWeatherApp.app; sourceTree = BUILT_PRODUCTS_DIR; };
		CBF5E79F2477D1960088D56C /* AppDelegate.swift */ = {isa = PBXFileReference; lastKnownFileType = sourcecode.swift; path = AppDelegate.swift; sourceTree = "<group>"; };
		CBF5E7A62477D1960088D56C /* Base */ = {isa = PBXFileReference; lastKnownFileType = file.storyboard; name = Base; path = Base.lproj/Main.storyboard; sourceTree = "<group>"; };
		CBF5E7A92477D1960088D56C /* ConvoAssignWeatherApp.xcdatamodel */ = {isa = PBXFileReference; lastKnownFileType = wrapper.xcdatamodel; path = ConvoAssignWeatherApp.xcdatamodel; sourceTree = "<group>"; };
		CBF5E7AB2477D1970088D56C /* Assets.xcassets */ = {isa = PBXFileReference; lastKnownFileType = folder.assetcatalog; path = Assets.xcassets; sourceTree = "<group>"; };
		CBF5E7AE2477D1970088D56C /* Base */ = {isa = PBXFileReference; lastKnownFileType = file.storyboard; name = Base; path = Base.lproj/LaunchScreen.storyboard; sourceTree = "<group>"; };
		CBF5E7B02477D1970088D56C /* Info.plist */ = {isa = PBXFileReference; lastKnownFileType = text.plist.xml; path = Info.plist; sourceTree = "<group>"; };
		CBF5E7B62477DE7B0088D56C /* WeatherVC.swift */ = {isa = PBXFileReference; lastKnownFileType = sourcecode.swift; path = WeatherVC.swift; sourceTree = "<group>"; };
		CBF5E7B82477DED40088D56C /* WeatherCell.swift */ = {isa = PBXFileReference; lastKnownFileType = sourcecode.swift; path = WeatherCell.swift; sourceTree = "<group>"; };
/* End PBXFileReference section */

/* Begin PBXFrameworksBuildPhase section */
		CBF5E7992477D1960088D56C /* Frameworks */ = {
			isa = PBXFrameworksBuildPhase;
			buildActionMask = 2147483647;
			files = (
			);
			runOnlyForDeploymentPostprocessing = 0;
		};
/* End PBXFrameworksBuildPhase section */

/* Begin PBXGroup section */
		CBF5E7932477D1950088D56C = {
			isa = PBXGroup;
			children = (
				CBF5E79E2477D1960088D56C /* ConvoAssignWeatherApp */,
				CBF5E79D2477D1960088D56C /* Products */,
			);
			sourceTree = "<group>";
		};
		CBF5E79D2477D1960088D56C /* Products */ = {
			isa = PBXGroup;
			children = (
				CBF5E79C2477D1960088D56C /* ConvoAssignWeatherApp.app */,
			);
			name = Products;
			sourceTree = "<group>";
		};
		CBF5E79E2477D1960088D56C /* ConvoAssignWeatherApp */ = {
			isa = PBXGroup;
			children = (
				CBF5E7BD2477DF250088D56C /* Model */,
				CBF5E7BA2477DED80088D56C /* View */,
				CBF5E7BB2477DEDF0088D56C /* Controller */,
				CBF5E7BC2477DEF90088D56C /* Supporting Files */,
				CBF5E7B02477D1970088D56C /* Info.plist */,
			);
			path = ConvoAssignWeatherApp;
			sourceTree = "<group>";
		};
		CBF5E7BA2477DED80088D56C /* View */ = {
			isa = PBXGroup;
			children = (
				CBF5E7B82477DED40088D56C /* WeatherCell.swift */,
				CBF5E7A52477D1960088D56C /* Main.storyboard */,
			);
			path = View;
			sourceTree = "<group>";
		};
		CBF5E7BB2477DEDF0088D56C /* Controller */ = {
			isa = PBXGroup;
			children = (
				CBF5E7B62477DE7B0088D56C /* WeatherVC.swift */,
			);
			path = Controller;
			sourceTree = "<group>";
		};
		CBF5E7BC2477DEF90088D56C /* Supporting Files */ = {
			isa = PBXGroup;
			children = (
				CBF5E79F2477D1960088D56C /* AppDelegate.swift */,
				CBF5E7AB2477D1970088D56C /* Assets.xcassets */,
				CBF5E7AD2477D1970088D56C /* LaunchScreen.storyboard */,
			);
			path = "Supporting Files";
			sourceTree = "<group>";
		};
		CBF5E7BD2477DF250088D56C /* Model */ = {
			isa = PBXGroup;
			children = (
				CBF5E7A82477D1960088D56C /* Weather.xcdatamodeld */,
			);
			path = Model;
			sourceTree = "<group>";
		};
/* End PBXGroup section */

/* Begin PBXNativeTarget section */
		CBF5E79B2477D1960088D56C /* ConvoAssignWeatherApp */ = {
			isa = PBXNativeTarget;
			buildConfigurationList = CBF5E7B32477D1970088D56C /* Build configuration list for PBXNativeTarget "ConvoAssignWeatherApp" */;
			buildPhases = (
				CBF5E7982477D1960088D56C /* Sources */,
				CBF5E7992477D1960088D56C /* Frameworks */,
				CBF5E79A2477D1960088D56C /* Resources */,
			);
			buildRules = (
			);
			dependencies = (
			);
			name = ConvoAssignWeatherApp;
			productName = ConvoAssignWeatherApp;
			productReference = CBF5E79C2477D1960088D56C /* ConvoAssignWeatherApp.app */;
			productType = "com.apple.product-type.application";
		};
/* End PBXNativeTarget section */

/* Begin PBXProject section */
		CBF5E7942477D1950088D56C /* Project object */ = {
			isa = PBXProject;
			attributes = {
				LastSwiftUpdateCheck = 1140;
				LastUpgradeCheck = 1140;
				ORGANIZATIONNAME = "Umer Khan";
				TargetAttributes = {
					CBF5E79B2477D1960088D56C = {
						CreatedOnToolsVersion = 11.4.1;
					};
				};
			};
			buildConfigurationList = CBF5E7972477D1950088D56C /* Build configuration list for PBXProject "ConvoAssignWeatherApp" */;
			compatibilityVersion = "Xcode 9.3";
			developmentRegion = en;
			hasScannedForEncodings = 0;
			knownRegions = (
				en,
				Base,
			);
			mainGroup = CBF5E7932477D1950088D56C;
			productRefGroup = CBF5E79D2477D1960088D56C /* Products */;
			projectDirPath = "";
			projectRoot = "";
			targets = (
				CBF5E79B2477D1960088D56C /* ConvoAssignWeatherApp */,
			);
		};
/* End PBXProject section */

/* Begin PBXResourcesBuildPhase section */
		CBF5E79A2477D1960088D56C /* Resources */ = {
			isa = PBXResourcesBuildPhase;
			buildActionMask = 2147483647;
			files = (
				CBF5E7AF2477D1970088D56C /* LaunchScreen.storyboard in Resources */,
				CBF5E7AC2477D1970088D56C /* Assets.xcassets in Resources */,
				CBF5E7A72477D1960088D56C /* Main.storyboard in Resources */,
			);
			runOnlyForDeploymentPostprocessing = 0;
		};
/* End PBXResourcesBuildPhase section */

/* Begin PBXSourcesBuildPhase section */
		CBF5E7982477D1960088D56C /* Sources */ = {
			isa = PBXSourcesBuildPhase;
			buildActionMask = 2147483647;
			files = (
				CBF5E7B92477DED40088D56C /* WeatherCell.swift in Sources */,
				CBF5E7AA2477D1960088D56C /* Weather.xcdatamodeld in Sources */,
				CBF5E7B72477DE7B0088D56C /* WeatherVC.swift in Sources */,
				CBF5E7A02477D1960088D56C /* AppDelegate.swift in Sources */,
			);
			runOnlyForDeploymentPostprocessing = 0;
		};
/* End PBXSourcesBuildPhase section */

/* Begin PBXVariantGroup section */
		CBF5E7A52477D1960088D56C /* Main.storyboard */ = {
			isa = PBXVariantGroup;
			children = (
				CBF5E7A62477D1960088D56C /* Base */,
			);
			name = Main.storyboard;
			sourceTree = "<group>";
		};
		CBF5E7AD2477D1970088D56C /* LaunchScreen.storyboard */ = {
			isa = PBXVariantGroup;
			children = (
				CBF5E7AE2477D1970088D56C /* Base */,
			);
			name = LaunchScreen.storyboard;
			sourceTree = "<group>";
		};
/* End PBXVariantGroup section */

/* Begin XCBuildConfiguration section */
		CBF5E7B12477D1970088D56C /* Debug */ = {
			isa = XCBuildConfiguration;
			buildSettings = {
				ALWAYS_SEARCH_USER_PATHS = NO;
				CLANG_ANALYZER_NONNULL = YES;
				CLANG_ANALYZER_NUMBER_OBJECT_CONVERSION = YES_AGGRESSIVE;
				CLANG_CXX_LANGUAGE_STANDARD = "gnu++14";
				CLANG_CXX_LIBRARY = "libc++";
				CLANG_ENABLE_MODULES = YES;
				CLANG_ENABLE_OBJC_ARC = YES;
				CLANG_ENABLE_OBJC_WEAK = YES;
				CLANG_WARN_BLOCK_CAPTURE_AUTORELEASING = YES;
				CLANG_WARN_BOOL_CONVERSION = YES;
				CLANG_WARN_COMMA = YES;
				CLANG_WARN_CONSTANT_CONVERSION = YES;
				CLANG_WARN_DEPRECATED_OBJC_IMPLEMENTATIONS = YES;
				CLANG_WARN_DIRECT_OBJC_ISA_USAGE = YES_ERROR;
				CLANG_WARN_DOCUMENTATION_COMMENTS = YES;
				CLANG_WARN_EMPTY_BODY = YES;
				CLANG_WARN_ENUM_CONVERSION = YES;
				CLANG_WARN_INFINITE_RECURSION = YES;
				CLANG_WARN_INT_CONVERSION = YES;
				CLANG_WARN_NON_LITERAL_NULL_CONVERSION = YES;
				CLANG_WARN_OBJC_IMPLICIT_RETAIN_SELF = YES;
				CLANG_WARN_OBJC_LITERAL_CONVERSION = YES;
				CLANG_WARN_OBJC_ROOT_CLASS = YES_ERROR;
				CLANG_WARN_RANGE_LOOP_ANALYSIS = YES;
				CLANG_WARN_STRICT_PROTOTYPES = YES;
				CLANG_WARN_SUSPICIOUS_MOVE = YES;
				CLANG_WARN_UNGUARDED_AVAILABILITY = YES_AGGRESSIVE;
				CLANG_WARN_UNREACHABLE_CODE = YES;
				CLANG_WARN__DUPLICATE_METHOD_MATCH = YES;
				COPY_PHASE_STRIP = NO;
				DEBUG_INFORMATION_FORMAT = dwarf;
				ENABLE_STRICT_OBJC_MSGSEND = YES;
				ENABLE_TESTABILITY = YES;
				GCC_C_LANGUAGE_STANDARD = gnu11;
				GCC_DYNAMIC_NO_PIC = NO;
				GCC_NO_COMMON_BLOCKS = YES;
				GCC_OPTIMIZATION_LEVEL = 0;
				GCC_PREPROCESSOR_DEFINITIONS = (
					"DEBUG=1",
					"$(inherited)",
				);
				GCC_WARN_64_TO_32_BIT_CONVERSION = YES;
				GCC_WARN_ABOUT_RETURN_TYPE = YES_ERROR;
				GCC_WARN_UNDECLARED_SELECTOR = YES;
				GCC_WARN_UNINITIALIZED_AUTOS = YES_AGGRESSIVE;
				GCC_WARN_UNUSED_FUNCTION = YES;
				GCC_WARN_UNUSED_VARIABLE = YES;
				IPHONEOS_DEPLOYMENT_TARGET = 13.4;
				MTL_ENABLE_DEBUG_INFO = INCLUDE_SOURCE;
				MTL_FAST_MATH = YES;
				ONLY_ACTIVE_ARCH = YES;
				SDKROOT = iphoneos;
				SWIFT_ACTIVE_COMPILATION_CONDITIONS = DEBUG;
				SWIFT_OPTIMIZATION_LEVEL = "-Onone";
			};
			name = Debug;
		};
		CBF5E7B22477D1970088D56C /* Release */ = {
			isa = XCBuildConfiguration;
			buildSettings = {
				ALWAYS_SEARCH_USER_PATHS = NO;
				CLANG_ANALYZER_NONNULL = YES;
				CLANG_ANALYZER_NUMBER_OBJECT_CONVERSION = YES_AGGRESSIVE;
				CLANG_CXX_LANGUAGE_STANDARD = "gnu++14";
				CLANG_CXX_LIBRARY = "libc++";
				CLANG_ENABLE_MODULES = YES;
				CLANG_ENABLE_OBJC_ARC = YES;
				CLANG_ENABLE_OBJC_WEAK = YES;
				CLANG_WARN_BLOCK_CAPTURE_AUTORELEASING = YES;
				CLANG_WARN_BOOL_CONVERSION = YES;
				CLANG_WARN_COMMA = YES;
				CLANG_WARN_CONSTANT_CONVERSION = YES;
				CLANG_WARN_DEPRECATED_OBJC_IMPLEMENTATIONS = YES;
				CLANG_WARN_DIRECT_OBJC_ISA_USAGE = YES_ERROR;
				CLANG_WARN_DOCUMENTATION_COMMENTS = YES;
				CLANG_WARN_EMPTY_BODY = YES;
				CLANG_WARN_ENUM_CONVERSION = YES;
				CLANG_WARN_INFINITE_RECURSION = YES;
				CLANG_WARN_INT_CONVERSION = YES;
				CLANG_WARN_NON_LITERAL_NULL_CONVERSION = YES;
				CLANG_WARN_OBJC_IMPLICIT_RETAIN_SELF = YES;
				CLANG_WARN_OBJC_LITERAL_CONVERSION = YES;
				CLANG_WARN_OBJC_ROOT_CLASS = YES_ERROR;
				CLANG_WARN_RANGE_LOOP_ANALYSIS = YES;
				CLANG_WARN_STRICT_PROTOTYPES = YES;
				CLANG_WARN_SUSPICIOUS_MOVE = YES;
				CLANG_WARN_UNGUARDED_AVAILABILITY = YES_AGGRESSIVE;
				CLANG_WARN_UNREACHABLE_CODE = YES;
				CLANG_WARN__DUPLICATE_METHOD_MATCH = YES;
				COPY_PHASE_STRIP = NO;
				DEBUG_INFORMATION_FORMAT = "dwarf-with-dsym";
				ENABLE_NS_ASSERTIONS = NO;
				ENABLE_STRICT_OBJC_MSGSEND = YES;
				GCC_C_LANGUAGE_STANDARD = gnu11;
				GCC_NO_COMMON_BLOCKS = YES;
				GCC_WARN_64_TO_32_BIT_CONVERSION = YES;
				GCC_WARN_ABOUT_RETURN_TYPE = YES_ERROR;
				GCC_WARN_UNDECLARED_SELECTOR = YES;
				GCC_WARN_UNINITIALIZED_AUTOS = YES_AGGRESSIVE;
				GCC_WARN_UNUSED_FUNCTION = YES;
				GCC_WARN_UNUSED_VARIABLE = YES;
				IPHONEOS_DEPLOYMENT_TARGET = 13.4;
				MTL_ENABLE_DEBUG_INFO = NO;
				MTL_FAST_MATH = YES;
				SDKROOT = iphoneos;
				SWIFT_COMPILATION_MODE = wholemodule;
				SWIFT_OPTIMIZATION_LEVEL = "-O";
				VALIDATE_PRODUCT = YES;
			};
			name = Release;
		};
		CBF5E7B42477D1970088D56C /* Debug */ = {
			isa = XCBuildConfiguration;
			buildSettings = {
				ASSETCATALOG_COMPILER_APPICON_NAME = AppIcon;
				CODE_SIGN_STYLE = Automatic;
				DEVELOPMENT_TEAM = 646XC4LJ39;
				INFOPLIST_FILE = ConvoAssignWeatherApp/Info.plist;
				IPHONEOS_DEPLOYMENT_TARGET = 12.0;
				LD_RUNPATH_SEARCH_PATHS = (
					"$(inherited)",
					"@executable_path/Frameworks",
				);
				PRODUCT_BUNDLE_IDENTIFIER = com.developers.ConvoAssignWeatherApp;
				PRODUCT_NAME = "$(TARGET_NAME)";
				SWIFT_VERSION = 5.0;
				TARGETED_DEVICE_FAMILY = 1;
			};
			name = Debug;
		};
		CBF5E7B52477D1970088D56C /* Release */ = {
			isa = XCBuildConfiguration;
			buildSettings = {
				ASSETCATALOG_COMPILER_APPICON_NAME = AppIcon;
				CODE_SIGN_STYLE = Automatic;
				DEVELOPMENT_TEAM = 646XC4LJ39;
				INFOPLIST_FILE = ConvoAssignWeatherApp/Info.plist;
				IPHONEOS_DEPLOYMENT_TARGET = 12.0;
				LD_RUNPATH_SEARCH_PATHS = (
					"$(inherited)",
					"@executable_path/Frameworks",
				);
				PRODUCT_BUNDLE_IDENTIFIER = com.developers.ConvoAssignWeatherApp;
				PRODUCT_NAME = "$(TARGET_NAME)";
				SWIFT_VERSION = 5.0;
				TARGETED_DEVICE_FAMILY = 1;
			};
			name = Release;
		};
/* End XCBuildConfiguration section */

/* Begin XCConfigurationList section */
		CBF5E7972477D1950088D56C /* Build configuration list for PBXProject "ConvoAssignWeatherApp" */ = {
			isa = XCConfigurationList;
			buildConfigurations = (
				CBF5E7B12477D1970088D56C /* Debug */,
				CBF5E7B22477D1970088D56C /* Release */,
			);
			defaultConfigurationIsVisible = 0;
			defaultConfigurationName = Release;
		};
		CBF5E7B32477D1970088D56C /* Build configuration list for PBXNativeTarget "ConvoAssignWeatherApp" */ = {
			isa = XCConfigurationList;
			buildConfigurations = (
				CBF5E7B42477D1970088D56C /* Debug */,
				CBF5E7B52477D1970088D56C /* Release */,
			);
			defaultConfigurationIsVisible = 0;
			defaultConfigurationName = Release;
		};
/* End XCConfigurationList section */

/* Begin XCVersionGroup section */
		CBF5E7A82477D1960088D56C /* Weather.xcdatamodeld */ = {
			isa = XCVersionGroup;
			children = (
				CBF5E7A92477D1960088D56C /* ConvoAssignWeatherApp.xcdatamodel */,
			);
			currentVersion = CBF5E7A92477D1960088D56C /* ConvoAssignWeatherApp.xcdatamodel */;
			path = Weather.xcdatamodeld;
			sourceTree = "<group>";
			versionGroupType = wrapper.xcdatamodel;
		};
/* End XCVersionGroup section */
	};
	rootObject = CBF5E7942477D1950088D56C /* Project object */;
}
